
Microsoft Visual Studio Solution File, Format Version 12.00
# Visual Studio 15
VisualStudioVersion = 15.0.28010.2050
MinimumVisualStudioVersion = 10.0.40219.1
Project("{FAE04EC0-301F-11D3-BF4B-00C04F79EFBC}") = "RobotConsole", "RobotConsole\RobotConsole.csproj", "{533DE92C-D098-41D5-A695-576C92B049DC}"
EndProject
Project("{FAE04EC0-301F-11D3-BF4B-00C04F79EFBC}") = "TestRobotService", "TestRobotConsole\TestRobotService.csproj", "{0EF7D414-A7A2-4F0A-B1BA-97331059E0AE}"
EndProject
Project("{FAE04EC0-301F-11D3-BF4B-00C04F79EFBC}") = "RobotService", "ClassLibrary1\RobotService.csproj", "{D9025C2B-D3FB-4119-B741-F6FC56ADF8CB}"
EndProject
Global
	GlobalSection(SolutionConfigurationPlatforms) = preSolution
		Debug|Any CPU = Debug|Any CPU
		Release|Any CPU = Release|Any CPU
	EndGlobalSection
	GlobalSection(ProjectConfigurationPlatforms) = postSolution
		{533DE92C-D098-41D5-A695-576C92B049DC}.Debug|Any CPU.ActiveCfg = Debug|Any CPU
		{533DE92C-D098-41D5-A695-576C92B049DC}.Debug|Any CPU.Build.0 = Debug|Any CPU
		{533DE92C-D098-41D5-A695-576C92B049DC}.Release|Any CPU.ActiveCfg = Release|Any CPU
		{533DE92C-D098-41D5-A695-576C92B049DC}.Release|Any CPU.Build.0 = Release|Any CPU
		{0EF7D414-A7A2-4F0A-B1BA-97331059E0AE}.Debug|Any CPU.ActiveCfg = Debug|Any CPU
		{0EF7D414-A7A2-4F0A-B1BA-97331059E0AE}.Debug|Any CPU.Build.0 = Debug|Any CPU
		{0EF7D414-A7A2-4F0A-B1BA-97331059E0AE}.Release|Any CPU.ActiveCfg = Release|Any CPU
		{0EF7D414-A7A2-4F0A-B1BA-97331059E0AE}.Release|Any CPU.Build.0 = Release|Any CPU
		{D9025C2B-D3FB-4119-B741-F6FC56ADF8CB}.Debug|Any CPU.ActiveCfg = Debug|Any CPU
		{D9025C2B-D3FB-4119-B741-F6FC56ADF8CB}.Debug|Any CPU.Build.0 = Debug|Any CPU
		{D9025C2B-D3FB-4119-B741-F6FC56ADF8CB}.Release|Any CPU.ActiveCfg = Release|Any CPU
		{D9025C2B-D3FB-4119-B741-F6FC56ADF8CB}.Release|Any CPU.Build.0 = Release|Any CPU
	EndGlobalSection
	GlobalSection(SolutionProperties) = preSolution
		HideSolutionNode = FALSE
	EndGlobalSection
	GlobalSection(ExtensibilityGlobals) = postSolution
		SolutionGuid = {F823511B-A0DC-487E-BC38-A7506EFA4F41}
	EndGlobalSection
EndGlobal
